
Microsoft Visual Studio Solution File, Format Version 12.00
# Visual Studio Version 17
VisualStudioVersion = 17.0.31903.59
MinimumVisualStudioVersion = 10.0.40219.1
Project("{FAE04EC0-301F-11D3-BF4B-00C04F79EFBC}") = "ControlFlow.App", "ControlFlow.App\ControlFlow.App.csproj", "{D2899790-DD97-4B62-BB3F-2391940DDD66}"
EndProject
Project("{FAE04EC0-301F-11D3-BF4B-00C04F79EFBC}") = "ControlFlow.Tests", "ControlFlow.Tests\ControlFlow.Tests.csproj", "{88F7A914-CC51-4027-8F30-4186D16FF679}"
EndProject
Global
	GlobalSection(SolutionConfigurationPlatforms) = preSolution
		Debug|Any CPU = Debug|Any CPU
		Release|Any CPU = Release|Any CPU
	EndGlobalSection
	GlobalSection(SolutionProperties) = preSolution
		HideSolutionNode = FALSE
	EndGlobalSection
	GlobalSection(ProjectConfigurationPlatforms) = postSolution
		{D2899790-DD97-4B62-BB3F-2391940DDD66}.Debug|Any CPU.ActiveCfg = Debug|Any CPU
		{D2899790-DD97-4B62-BB3F-2391940DDD66}.Debug|Any CPU.Build.0 = Debug|Any CPU
		{D2899790-DD97-4B62-BB3F-2391940DDD66}.Release|Any CPU.ActiveCfg = Release|Any CPU
		{D2899790-DD97-4B62-BB3F-2391940DDD66}.Release|Any CPU.Build.0 = Release|Any CPU
		{88F7A914-CC51-4027-8F30-4186D16FF679}.Debug|Any CPU.ActiveCfg = Debug|Any CPU
		{88F7A914-CC51-4027-8F30-4186D16FF679}.Debug|Any CPU.Build.0 = Debug|Any CPU
		{88F7A914-CC51-4027-8F30-4186D16FF679}.Release|Any CPU.ActiveCfg = Release|Any CPU
		{88F7A914-CC51-4027-8F30-4186D16FF679}.Release|Any CPU.Build.0 = Release|Any CPU
	EndGlobalSection
EndGlobal
