
Microsoft Visual Studio Solution File, Format Version 12.00
# Visual Studio Version 17
VisualStudioVersion = 17.5.002.0
MinimumVisualStudioVersion = 10.0.40219.1
Project("{9A19103F-16F7-4668-BE54-9A1E7A4F7556}") = "CalcDemo/CalcDemo.csproj", "CalcDemo\CalcDemo.csproj", "{5805E31A-B6CB-4CA2-BBED-8000911BFEC0}"
EndProject
Project("{FAE04EC0-301F-11D3-BF4B-00C04F79EFBC}") = "CalcDemo.Tests", "CalcDemo.Tests\CalcDemo.Tests.csproj", "{0EB5982B-40A1-4983-8286-2BA7C14C44E4}"
EndProject
Global
	GlobalSection(SolutionConfigurationPlatforms) = preSolution
		Debug|Any CPU = Debug|Any CPU
		Release|Any CPU = Release|Any CPU
	EndGlobalSection
	GlobalSection(ProjectConfigurationPlatforms) = postSolution
		{5805E31A-B6CB-4CA2-BBED-8000911BFEC0}.Debug|Any CPU.ActiveCfg = Debug|Any CPU
		{5805E31A-B6CB-4CA2-BBED-8000911BFEC0}.Debug|Any CPU.Build.0 = Debug|Any CPU
		{5805E31A-B6CB-4CA2-BBED-8000911BFEC0}.Release|Any CPU.ActiveCfg = Release|Any CPU
		{5805E31A-B6CB-4CA2-BBED-8000911BFEC0}.Release|Any CPU.Build.0 = Release|Any CPU
		{0EB5982B-40A1-4983-8286-2BA7C14C44E4}.Debug|Any CPU.ActiveCfg = Debug|Any CPU
		{0EB5982B-40A1-4983-8286-2BA7C14C44E4}.Debug|Any CPU.Build.0 = Debug|Any CPU
		{0EB5982B-40A1-4983-8286-2BA7C14C44E4}.Release|Any CPU.ActiveCfg = Release|Any CPU
		{0EB5982B-40A1-4983-8286-2BA7C14C44E4}.Release|Any CPU.Build.0 = Release|Any CPU
	EndGlobalSection
	GlobalSection(SolutionProperties) = preSolution
		HideSolutionNode = FALSE
	EndGlobalSection
	GlobalSection(ExtensibilityGlobals) = postSolution
		SolutionGuid = {D4C6757B-BB43-41F9-BDED-48F22FC7BEE7}
	EndGlobalSection
EndGlobal
